dependencies:
- name: postgresql
  repository: oci://registry-1.docker.io/bitnamicharts
  version: 13.2.9
- name: sunbird-rc-g2p-mapper-registry
  repository: file://charts/sunbird-rc-g2p-mapper-registry
  version: 0.1.0
digest: sha256:cb8af8ba917cb4cb9c075469bd970be0a287af247c2f8ccb270322404e45f7c1
generated: "2023-11-16T12:56:08.698311132+05:30"
