dependencies:
- name: postgresql
  repository: oci://registry-1.docker.io/bitnamicharts
  version: 13.2.9
- name: elasticsearch
  repository: oci://registry-1.docker.io/bitnamicharts
  version: 19.13.10
digest: sha256:44474850b129a25ee3f44073fcb7b666db031ec2d4d1b5cce36c89d2b16e9279
generated: "2023-11-16T11:32:09.373049426+05:30"
